
Microsoft Visual Studio Solution File, Format Version 12.00
# Visual Studio Version 17
VisualStudioVersion = 17.2.32630.192
MinimumVisualStudioVersion = 10.0.40219.1
Project("{FAE04EC0-301F-11D3-BF4B-00C04F79EFBC}") = "Practice 2", "Practice 2\Practice 2.csproj", "{159319E8-3D70-4466-BBF5-63448BD34243}"
EndProject
Global
	GlobalSection(SolutionConfigurationPlatforms) = preSolution
		Debug|Any CPU = Debug|Any CPU
		Release|Any CPU = Release|Any CPU
	EndGlobalSection
	GlobalSection(ProjectConfigurationPlatforms) = postSolution
		{159319E8-3D70-4466-BBF5-63448BD34243}.Debug|Any CPU.ActiveCfg = Debug|Any CPU
		{159319E8-3D70-4466-BBF5-63448BD34243}.Debug|Any CPU.Build.0 = Debug|Any CPU
		{159319E8-3D70-4466-BBF5-63448BD34243}.Release|Any CPU.ActiveCfg = Release|Any CPU
		{159319E8-3D70-4466-BBF5-63448BD34243}.Release|Any CPU.Build.0 = Release|Any CPU
	EndGlobalSection
	GlobalSection(SolutionProperties) = preSolution
		HideSolutionNode = FALSE
	EndGlobalSection
	GlobalSection(ExtensibilityGlobals) = postSolution
		SolutionGuid = {E14DE65C-A04F-411B-8DAD-9CD73D7A673C}
	EndGlobalSection
EndGlobal
